
Microsoft Visual Studio Solution File, Format Version 12.00
# Visual Studio Version 16
VisualStudioVersion = 16.0.32929.386
MinimumVisualStudioVersion = 10.0.40219.1
Project("{F2A71F9B-5D33-465A-A702-920D77279786}") = "OnlineStore", "OnlineStore\OnlineStore.fsproj", "{448ECDE5-15EC-4568-8C9D-113A43B12C95}"
EndProject
Global
	GlobalSection(SolutionConfigurationPlatforms) = preSolution
		Debug|Any CPU = Debug|Any CPU
		Release|Any CPU = Release|Any CPU
	EndGlobalSection
	GlobalSection(ProjectConfigurationPlatforms) = postSolution
		{448ECDE5-15EC-4568-8C9D-113A43B12C95}.Debug|Any CPU.ActiveCfg = Debug|Any CPU
		{448ECDE5-15EC-4568-8C9D-113A43B12C95}.Debug|Any CPU.Build.0 = Debug|Any CPU
		{448ECDE5-15EC-4568-8C9D-113A43B12C95}.Release|Any CPU.ActiveCfg = Release|Any CPU
		{448ECDE5-15EC-4568-8C9D-113A43B12C95}.Release|Any CPU.Build.0 = Release|Any CPU
	EndGlobalSection
	GlobalSection(SolutionProperties) = preSolution
		HideSolutionNode = FALSE
	EndGlobalSection
	GlobalSection(ExtensibilityGlobals) = postSolution
		SolutionGuid = {4589CA19-FBFF-4552-8FD8-6EA0FE442476}
	EndGlobalSection
EndGlobal
